// !$*UTF8*$!
{
	archiveVersion = 1;
	classes = {
	};
	objectVersion = 56;
	objects = {

/* Begin PBXBuildFile section */
		8B42E47C2B9675780048BCD0 /* FolderLink.swift in Sources */ = {isa = PBXBuildFile; fileRef = 8B5E62242B93DA1D00455929 /* FolderLink.swift */; };
		8B5E62252B93DA1D00455929 /* FolderLink.swift in Sources */ = {isa = PBXBuildFile; fileRef = 8B5E62242B93DA1D00455929 /* FolderLink.swift */; };
		8B5E62272B93E78C00455929 /* ImageEditorWindow.swift in Sources */ = {isa = PBXBuildFile; fileRef = 8B5E62262B93E78C00455929 /* ImageEditorWindow.swift */; };
		8B6934E32B495D29003BFDDF /* ScreenshotStackPanel.swift in Sources */ = {isa = PBXBuildFile; fileRef = 8B6934E22B495D29003BFDDF /* ScreenshotStackPanel.swift */; };
		8B6E04CD2B4F4CB600DD5CDB /* ScreenShotView.swift in Sources */ = {isa = PBXBuildFile; fileRef = 8B6E04CC2B4F4CB600DD5CDB /* ScreenShotView.swift */; };
		8BB5A2F52B8E6EB300292962 /* CaptureSampleApp.swift in Sources */ = {isa = PBXBuildFile; fileRef = D2A115922B8DED31003A69FF /* CaptureSampleApp.swift */; };
		8BB5A2F62B8E6F4000292962 /* Assets.xcassets in Resources */ = {isa = PBXBuildFile; fileRef = D2A115942B8DEDE1003A69FF /* Assets.xcassets */; };
		8BBAE2842B4689260079CCD4 /* CaptureStackView.swift in Sources */ = {isa = PBXBuildFile; fileRef = 8BBAE2832B4689260079CCD4 /* CaptureStackView.swift */; };
		8BEBDCFF2B8D3AD4006C6B96 /* ScreenshotAreaSelectionView.swift in Sources */ = {isa = PBXBuildFile; fileRef = D255C43E2B31D1D200A0C7B2 /* ScreenshotAreaSelectionView.swift */; };
		8BEBDD012B8D3AD4006C6B96 /* CaptureStackView.swift in Sources */ = {isa = PBXBuildFile; fileRef = 8BBAE2832B4689260079CCD4 /* CaptureStackView.swift */; };
		8BEBDD022B8D3AD4006C6B96 /* ScreenShotView.swift in Sources */ = {isa = PBXBuildFile; fileRef = 8B6E04CC2B4F4CB600DD5CDB /* ScreenShotView.swift */; };
		8BEBDD032B8D3AD4006C6B96 /* ScreenshotAreaSelectionNonactivatingPanel.swift in Sources */ = {isa = PBXBuildFile; fileRef = D269967D2B2EB12700CADFDC /* ScreenshotAreaSelectionNonactivatingPanel.swift */; };
		8BEBDD042B8D3AD4006C6B96 /* ScreenshotStackPanel.swift in Sources */ = {isa = PBXBuildFile; fileRef = 8B6934E22B495D29003BFDDF /* ScreenshotStackPanel.swift */; };
		8BEBDD052B8D3AD4006C6B96 /* convertToSwiftUICoordinates.swift in Sources */ = {isa = PBXBuildFile; fileRef = D255C43C2B31CE1300A0C7B2 /* convertToSwiftUICoordinates.swift */; };
		8BEBDD072B8D3AD4006C6B96 /* HotKey in Frameworks */ = {isa = PBXBuildFile; productRef = 8BEBDCFC2B8D3AD4006C6B96 /* HotKey */; };
		8BEBDD082B8D3AD4006C6B96 /* LaunchAtLogin in Frameworks */ = {isa = PBXBuildFile; productRef = 8BEBDCFA2B8D3AD4006C6B96 /* LaunchAtLogin */; };
		D255C43D2B31CE1300A0C7B2 /* convertToSwiftUICoordinates.swift in Sources */ = {isa = PBXBuildFile; fileRef = D255C43C2B31CE1300A0C7B2 /* convertToSwiftUICoordinates.swift */; };
		D255C43F2B31D1D200A0C7B2 /* ScreenshotAreaSelectionView.swift in Sources */ = {isa = PBXBuildFile; fileRef = D255C43E2B31D1D200A0C7B2 /* ScreenshotAreaSelectionView.swift */; };
		D26996772B2EAA7100CADFDC /* LaunchAtLogin in Frameworks */ = {isa = PBXBuildFile; productRef = D26996762B2EAA7100CADFDC /* LaunchAtLogin */; };
		D269967A2B2EAB0600CADFDC /* HotKey in Frameworks */ = {isa = PBXBuildFile; productRef = D26996792B2EAB0600CADFDC /* HotKey */; };
		D269967E2B2EB12700CADFDC /* ScreenshotAreaSelectionNonactivatingPanel.swift in Sources */ = {isa = PBXBuildFile; fileRef = D269967D2B2EB12700CADFDC /* ScreenshotAreaSelectionNonactivatingPanel.swift */; };
		D2A115932B8DED31003A69FF /* CaptureSampleApp.swift in Sources */ = {isa = PBXBuildFile; fileRef = D2A115922B8DED31003A69FF /* CaptureSampleApp.swift */; };
		D2A115952B8DEDE1003A69FF /* Assets.xcassets in Resources */ = {isa = PBXBuildFile; fileRef = D2A115942B8DEDE1003A69FF /* Assets.xcassets */; };
		D2C5BC6D2BAA2F08004ACF8A /* KeyboardAndMouseEventMonitors.swift in Sources */ = {isa = PBXBuildFile; fileRef = D2C5BC6C2BAA2F08004ACF8A /* KeyboardAndMouseEventMonitors.swift */; };
		D2C5BC6E2BAA2F08004ACF8A /* KeyboardAndMouseEventMonitors.swift in Sources */ = {isa = PBXBuildFile; fileRef = D2C5BC6C2BAA2F08004ACF8A /* KeyboardAndMouseEventMonitors.swift */; };
/* End PBXBuildFile section */

/* Begin PBXFileReference section */
		8B5E62242B93DA1D00455929 /* FolderLink.swift */ = {isa = PBXFileReference; lastKnownFileType = sourcecode.swift; path = FolderLink.swift; sourceTree = "<group>"; };
		8B5E62262B93E78C00455929 /* ImageEditorWindow.swift */ = {isa = PBXFileReference; lastKnownFileType = sourcecode.swift; path = ImageEditorWindow.swift; sourceTree = "<group>"; };
		8B6934E22B495D29003BFDDF /* ScreenshotStackPanel.swift */ = {isa = PBXFileReference; lastKnownFileType = sourcecode.swift; path = ScreenshotStackPanel.swift; sourceTree = "<group>"; };
		8B6E04CC2B4F4CB600DD5CDB /* ScreenShotView.swift */ = {isa = PBXFileReference; lastKnownFileType = sourcecode.swift; path = ScreenShotView.swift; sourceTree = "<group>"; };
		8BBAE2832B4689260079CCD4 /* CaptureStackView.swift */ = {isa = PBXFileReference; lastKnownFileType = sourcecode.swift; path = CaptureStackView.swift; sourceTree = "<group>"; };
		8BEBDD0F2B8D3AD4006C6B96 /* ShareShot withoutsandbox.app */ = {isa = PBXFileReference; explicitFileType = wrapper.application; includeInIndex = 0; path = "ShareShot withoutsandbox.app"; sourceTree = BUILT_PRODUCTS_DIR; };
		8D89E0E7125AFE6B4E2E6500 /* README.md */ = {isa = PBXFileReference; lastKnownFileType = net.daringfireball.markdown; path = README.md; sourceTree = "<group>"; };
		C4B0DAA7276BA4460015082A /* ShareShot.app */ = {isa = PBXFileReference; explicitFileType = wrapper.application; includeInIndex = 0; path = ShareShot.app; sourceTree = BUILT_PRODUCTS_DIR; };
		D255C4362B30077000A0C7B2 /* Info.plist */ = {isa = PBXFileReference; lastKnownFileType = text.plist; path = Info.plist; sourceTree = "<group>"; };
		D255C43C2B31CE1300A0C7B2 /* convertToSwiftUICoordinates.swift */ = {isa = PBXFileReference; lastKnownFileType = sourcecode.swift; path = convertToSwiftUICoordinates.swift; sourceTree = "<group>"; };
		D255C43E2B31D1D200A0C7B2 /* ScreenshotAreaSelectionView.swift */ = {isa = PBXFileReference; lastKnownFileType = sourcecode.swift; path = ScreenshotAreaSelectionView.swift; sourceTree = "<group>"; };
		D266C99D2B2FB18B001D7B66 /* ShareShot-Bridging-Header.h */ = {isa = PBXFileReference; lastKnownFileType = sourcecode.c.h; path = "ShareShot-Bridging-Header.h"; sourceTree = "<group>"; };
		D266C9A32B2FB87A001D7B66 /* ShowAndHideCursor.h */ = {isa = PBXFileReference; lastKnownFileType = sourcecode.c.h; path = ShowAndHideCursor.h; sourceTree = "<group>"; };
		D269967D2B2EB12700CADFDC /* ScreenshotAreaSelectionNonactivatingPanel.swift */ = {isa = PBXFileReference; lastKnownFileType = sourcecode.swift; path = ScreenshotAreaSelectionNonactivatingPanel.swift; sourceTree = "<group>"; };
		D2A115922B8DED31003A69FF /* CaptureSampleApp.swift */ = {isa = PBXFileReference; fileEncoding = 4; lastKnownFileType = sourcecode.swift; path = CaptureSampleApp.swift; sourceTree = "<group>"; };
		D2A115942B8DEDE1003A69FF /* Assets.xcassets */ = {isa = PBXFileReference; lastKnownFileType = folder.assetcatalog; path = Assets.xcassets; sourceTree = "<group>"; };
		D2C5BC6C2BAA2F08004ACF8A /* KeyboardAndMouseEventMonitors.swift */ = {isa = PBXFileReference; lastKnownFileType = sourcecode.swift; path = KeyboardAndMouseEventMonitors.swift; sourceTree = "<group>"; };
/* End PBXFileReference section */

/* Begin PBXFrameworksBuildPhase section */
		8BEBDD062B8D3AD4006C6B96 /* Frameworks */ = {
			isa = PBXFrameworksBuildPhase;
			buildActionMask = 2147483647;
			files = (
				8BEBDD072B8D3AD4006C6B96 /* HotKey in Frameworks */,
				8BEBDD082B8D3AD4006C6B96 /* LaunchAtLogin in Frameworks */,
			);
			runOnlyForDeploymentPostprocessing = 0;
		};
		C4B0DAA4276BA4460015082A /* Frameworks */ = {
			isa = PBXFrameworksBuildPhase;
			buildActionMask = 2147483647;
			files = (
				D269967A2B2EAB0600CADFDC /* HotKey in Frameworks */,
				D26996772B2EAA7100CADFDC /* LaunchAtLogin in Frameworks */,
			);
			runOnlyForDeploymentPostprocessing = 0;
		};
/* End PBXFrameworksBuildPhase section */

/* Begin PBXGroup section */
		8B5E62222B93D50500455929 /* Models */ = {
			isa = PBXGroup;
			children = (
				8B5E62242B93DA1D00455929 /* FolderLink.swift */,
			);
			path = Models;
			sourceTree = "<group>";
		};
		C41D1B1D2814BD230033613F /* Views */ = {
			isa = PBXGroup;
			children = (
				8BBAE2832B4689260079CCD4 /* CaptureStackView.swift */,
				8B6E04CC2B4F4CB600DD5CDB /* ScreenShotView.swift */,
				8B5E62262B93E78C00455929 /* ImageEditorWindow.swift */,
			);
			path = Views;
			sourceTree = "<group>";
		};
		C4B0DA9E276BA4460015082A = {
			isa = PBXGroup;
			children = (
				8D89E0E7125AFE6B4E2E6500 /* README.md */,
				C4B0DAA9276BA4460015082A /* ShareShot */,
				C4B0DAA8276BA4460015082A /* Products */,
			);
			sourceTree = "<group>";
		};
		C4B0DAA8276BA4460015082A /* Products */ = {
			isa = PBXGroup;
			children = (
				C4B0DAA7276BA4460015082A /* ShareShot.app */,
				8BEBDD0F2B8D3AD4006C6B96 /* ShareShot withoutsandbox.app */,
			);
			name = Products;
			sourceTree = "<group>";
		};
		C4B0DAA9276BA4460015082A /* ShareShot */ = {
			isa = PBXGroup;
			children = (
				D255C4362B30077000A0C7B2 /* Info.plist */,
				D255C43E2B31D1D200A0C7B2 /* ScreenshotAreaSelectionView.swift */,
				D2C5BC6C2BAA2F08004ACF8A /* KeyboardAndMouseEventMonitors.swift */,
				D255C43C2B31CE1300A0C7B2 /* convertToSwiftUICoordinates.swift */,
				D269967D2B2EB12700CADFDC /* ScreenshotAreaSelectionNonactivatingPanel.swift */,
				8B6934E22B495D29003BFDDF /* ScreenshotStackPanel.swift */,
				D2A115922B8DED31003A69FF /* CaptureSampleApp.swift */,
				D266C9A32B2FB87A001D7B66 /* ShowAndHideCursor.h */,
				D266C99D2B2FB18B001D7B66 /* ShareShot-Bridging-Header.h */,
				D2A115942B8DEDE1003A69FF /* Assets.xcassets */,
				8B5E62222B93D50500455929 /* Models */,
				C41D1B1D2814BD230033613F /* Views */,
			);
			path = ShareShot;
			sourceTree = "<group>";
		};
/* End PBXGroup section */

/* Begin PBXNativeTarget section */
		8BEBDCF92B8D3AD4006C6B96 /* ShareShot withoutsandbox */ = {
			isa = PBXNativeTarget;
			buildConfigurationList = 8BEBDD0C2B8D3AD4006C6B96 /* Build configuration list for PBXNativeTarget "ShareShot withoutsandbox" */;
			buildPhases = (
				8BEBDCFE2B8D3AD4006C6B96 /* Sources */,
				8BEBDD062B8D3AD4006C6B96 /* Frameworks */,
				8BEBDD092B8D3AD4006C6B96 /* Resources */,
			);
			buildRules = (
			);
			dependencies = (
			);
			name = "ShareShot withoutsandbox";
			packageProductDependencies = (
				8BEBDCFA2B8D3AD4006C6B96 /* LaunchAtLogin */,
				8BEBDCFC2B8D3AD4006C6B96 /* HotKey */,
			);
			productName = CaptureIt;
			productReference = 8BEBDD0F2B8D3AD4006C6B96 /* ShareShot withoutsandbox.app */;
			productType = "com.apple.product-type.application";
		};
		C4B0DAA6276BA4460015082A /* ShareShot */ = {
			isa = PBXNativeTarget;
			buildConfigurationList = C4B0DAB6276BA4480015082A /* Build configuration list for PBXNativeTarget "ShareShot" */;
			buildPhases = (
				C4B0DAA3276BA4460015082A /* Sources */,
				C4B0DAA4276BA4460015082A /* Frameworks */,
				C4B0DAA5276BA4460015082A /* Resources */,
			);
			buildRules = (
			);
			dependencies = (
			);
			name = ShareShot;
			packageProductDependencies = (
				D26996762B2EAA7100CADFDC /* LaunchAtLogin */,
				D26996792B2EAB0600CADFDC /* HotKey */,
			);
			productName = CaptureIt;
			productReference = C4B0DAA7276BA4460015082A /* ShareShot.app */;
			productType = "com.apple.product-type.application";
		};
/* End PBXNativeTarget section */

/* Begin PBXProject section */
		C4B0DA9F276BA4460015082A /* Project object */ = {
			isa = PBXProject;
			attributes = {
				BuildIndependentTargetsInParallel = 1;
				LastSwiftUpdateCheck = 1330;
				LastUpgradeCheck = 1520;
				ORGANIZATIONNAME = Apple;
				TargetAttributes = {
					C4B0DAA6276BA4460015082A = {
						CreatedOnToolsVersion = 13.3;
						LastSwiftMigration = 1330;
					};
				};
			};
			buildConfigurationList = C4B0DAA2276BA4460015082A /* Build configuration list for PBXProject "ShareShot" */;
			compatibilityVersion = "Xcode 14.0";
			developmentRegion = en;
			hasScannedForEncodings = 0;
			knownRegions = (
				en,
				Base,
			);
			mainGroup = C4B0DA9E276BA4460015082A;
			packageReferences = (
				D26996752B2EAA7100CADFDC /* XCRemoteSwiftPackageReference "LaunchAtLogin-Modern" */,
				D26996782B2EAB0600CADFDC /* XCRemoteSwiftPackageReference "HotKey" */,
			);
			productRefGroup = C4B0DAA8276BA4460015082A /* Products */;
			projectDirPath = "";
			projectRoot = "";
			targets = (
				C4B0DAA6276BA4460015082A /* ShareShot */,
				8BEBDCF92B8D3AD4006C6B96 /* ShareShot withoutsandbox */,
			);
		};
/* End PBXProject section */

/* Begin PBXResourcesBuildPhase section */
		8BEBDD092B8D3AD4006C6B96 /* Resources */ = {
			isa = PBXResourcesBuildPhase;
			buildActionMask = 2147483647;
			files = (
				8BB5A2F62B8E6F4000292962 /* Assets.xcassets in Resources */,
			);
			runOnlyForDeploymentPostprocessing = 0;
		};
		C4B0DAA5276BA4460015082A /* Resources */ = {
			isa = PBXResourcesBuildPhase;
			buildActionMask = 2147483647;
			files = (
				D2A115952B8DEDE1003A69FF /* Assets.xcassets in Resources */,
			);
			runOnlyForDeploymentPostprocessing = 0;
		};
/* End PBXResourcesBuildPhase section */

/* Begin PBXSourcesBuildPhase section */
		8BEBDCFE2B8D3AD4006C6B96 /* Sources */ = {
			isa = PBXSourcesBuildPhase;
			buildActionMask = 2147483647;
			files = (
				8BEBDCFF2B8D3AD4006C6B96 /* ScreenshotAreaSelectionView.swift in Sources */,
				8BB5A2F52B8E6EB300292962 /* CaptureSampleApp.swift in Sources */,
				8BEBDD012B8D3AD4006C6B96 /* CaptureStackView.swift in Sources */,
				8BEBDD022B8D3AD4006C6B96 /* ScreenShotView.swift in Sources */,
				8BEBDD032B8D3AD4006C6B96 /* ScreenshotAreaSelectionNonactivatingPanel.swift in Sources */,
				8B42E47C2B9675780048BCD0 /* FolderLink.swift in Sources */,
				D2C5BC6E2BAA2F08004ACF8A /* KeyboardAndMouseEventMonitors.swift in Sources */,
				8BEBDD042B8D3AD4006C6B96 /* ScreenshotStackPanel.swift in Sources */,
				8BEBDD052B8D3AD4006C6B96 /* convertToSwiftUICoordinates.swift in Sources */,
			);
			runOnlyForDeploymentPostprocessing = 0;
		};
		C4B0DAA3276BA4460015082A /* Sources */ = {
			isa = PBXSourcesBuildPhase;
			buildActionMask = 2147483647;
			files = (
				D255C43F2B31D1D200A0C7B2 /* ScreenshotAreaSelectionView.swift in Sources */,
				D2A115932B8DED31003A69FF /* CaptureSampleApp.swift in Sources */,
				8B5E62272B93E78C00455929 /* ImageEditorWindow.swift in Sources */,
				8BBAE2842B4689260079CCD4 /* CaptureStackView.swift in Sources */,
				D2C5BC6D2BAA2F08004ACF8A /* KeyboardAndMouseEventMonitors.swift in Sources */,
				8B6E04CD2B4F4CB600DD5CDB /* ScreenShotView.swift in Sources */,
				D269967E2B2EB12700CADFDC /* ScreenshotAreaSelectionNonactivatingPanel.swift in Sources */,
				8B5E62252B93DA1D00455929 /* FolderLink.swift in Sources */,
				8B6934E32B495D29003BFDDF /* ScreenshotStackPanel.swift in Sources */,
				D255C43D2B31CE1300A0C7B2 /* convertToSwiftUICoordinates.swift in Sources */,
			);
			runOnlyForDeploymentPostprocessing = 0;
		};
/* End PBXSourcesBuildPhase section */

/* Begin XCBuildConfiguration section */
		8BEBDD0D2B8D3AD4006C6B96 /* Debug */ = {
			isa = XCBuildConfiguration;
			buildSettings = {
				ASSETCATALOG_COMPILER_APPICON_NAME = AppIcon;
				ASSETCATALOG_COMPILER_GLOBAL_ACCENT_COLOR_NAME = AccentColor;
				ASSETCATALOG_COMPILER_INCLUDE_ALL_APPICON_ASSETS = NO;
				CLANG_ENABLE_MODULES = YES;
				CODE_SIGN_ENTITLEMENTS = ShareShot/CaptureSample.entitlements;
				CODE_SIGN_IDENTITY = "Apple Development";
				CODE_SIGN_STYLE = Automatic;
				COMBINE_HIDPI_IMAGES = YES;
				CURRENT_PROJECT_VERSION = 1;
				DEAD_CODE_STRIPPING = YES;
				DEVELOPMENT_ASSET_PATHS = "\"ShareShot/Preview Content\"";
				DEVELOPMENT_TEAM = A55978949T;
				ENABLE_HARDENED_RUNTIME = YES;
				ENABLE_PREVIEWS = YES;
				GENERATE_INFOPLIST_FILE = YES;
				INFOPLIST_FILE = "ShareShot copy2-Info.plist";
				INFOPLIST_KEY_CFBundleDisplayName = ShareScreenshot;
				INFOPLIST_KEY_LSApplicationCategoryType = "public.app-category.utilities";
				INFOPLIST_KEY_LSUIElement = YES;
				INFOPLIST_KEY_NSCameraUsageDescription = "We need access to capture the screen";
				INFOPLIST_KEY_NSDesktopFolderUsageDescription = "We need access to the desktop to save files.";
				INFOPLIST_KEY_NSHumanReadableCopyright = "";
				INFOPLIST_KEY_NSMicrophoneUsageDescription = "We need access to capture the screen";
				LD_RUNPATH_SEARCH_PATHS = (
					"$(inherited)",
					"@executable_path/../Frameworks",
				);
				MACOSX_DEPLOYMENT_TARGET = 14.0;
				MARKETING_VERSION = 1.0;
				"OTHER_SWIFT_FLAGS[arch=*]" = "-DNOSANDBOX";
				PRODUCT_BUNDLE_IDENTIFIER = "com.bra1ndump.share-screenshot";
				PRODUCT_NAME = "$(TARGET_NAME)";
				PROVISIONING_PROFILE_SPECIFIER = "";
				SWIFT_EMIT_LOC_STRINGS = YES;
				SWIFT_OBJC_BRIDGING_HEADER = "$(SRCROOT)/ShareShot/ShareShot-Bridging-Header.h";
				SWIFT_OPTIMIZATION_LEVEL = "-Onone";
				SWIFT_VERSION = 5.0;
			};
			name = Debug;
		};
		8BEBDD0E2B8D3AD4006C6B96 /* Release */ = {
			isa = XCBuildConfiguration;
			buildSettings = {
				ASSETCATALOG_COMPILER_APPICON_NAME = AppIcon;
				ASSETCATALOG_COMPILER_GLOBAL_ACCENT_COLOR_NAME = AccentColor;
				ASSETCATALOG_COMPILER_INCLUDE_ALL_APPICON_ASSETS = NO;
				CLANG_ENABLE_MODULES = YES;
				CODE_SIGN_ENTITLEMENTS = ShareShot/CaptureSample.entitlements;
				CODE_SIGN_IDENTITY = "Apple Development";
				CODE_SIGN_STYLE = Automatic;
				COMBINE_HIDPI_IMAGES = YES;
				CURRENT_PROJECT_VERSION = 1;
				DEAD_CODE_STRIPPING = YES;
				DEVELOPMENT_ASSET_PATHS = "\"ShareShot/Preview Content\"";
				DEVELOPMENT_TEAM = A55978949T;
				ENABLE_HARDENED_RUNTIME = YES;
				ENABLE_PREVIEWS = YES;
				GENERATE_INFOPLIST_FILE = YES;
				INFOPLIST_FILE = "ShareShot copy2-Info.plist";
				INFOPLIST_KEY_CFBundleDisplayName = ShareScreenshot;
				INFOPLIST_KEY_LSApplicationCategoryType = "public.app-category.utilities";
				INFOPLIST_KEY_LSUIElement = YES;
				INFOPLIST_KEY_NSCameraUsageDescription = "We need access to capture the screen";
				INFOPLIST_KEY_NSDesktopFolderUsageDescription = "We need access to the desktop to save files.";
				INFOPLIST_KEY_NSHumanReadableCopyright = "";
				INFOPLIST_KEY_NSMicrophoneUsageDescription = "We need access to capture the screen";
				LD_RUNPATH_SEARCH_PATHS = (
					"$(inherited)",
					"@executable_path/../Frameworks",
				);
				MACOSX_DEPLOYMENT_TARGET = 14.0;
				MARKETING_VERSION = 1.0;
				"OTHER_SWIFT_FLAGS[arch=*]" = "-DNOSANDBOX";
				PRODUCT_BUNDLE_IDENTIFIER = "com.bra1ndump.share-screenshot";
				PRODUCT_NAME = "$(TARGET_NAME)";
				PROVISIONING_PROFILE_SPECIFIER = "";
				SWIFT_EMIT_LOC_STRINGS = YES;
				SWIFT_OBJC_BRIDGING_HEADER = "$(SRCROOT)/ShareShot/ShareShot-Bridging-Header.h";
				SWIFT_VERSION = 5.0;
			};
			name = Release;
		};
		C4B0DAB4276BA4480015082A /* Debug */ = {
			isa = XCBuildConfiguration;
			buildSettings = {
				ALWAYS_SEARCH_USER_PATHS = NO;
				CLANG_ANALYZER_NONNULL = YES;
				CLANG_ANALYZER_NUMBER_OBJECT_CONVERSION = YES_AGGRESSIVE;
				CLANG_CXX_LANGUAGE_STANDARD = "gnu++17";
				CLANG_CXX_LIBRARY = "libc++";
				CLANG_ENABLE_MODULES = YES;
				CLANG_ENABLE_OBJC_ARC = YES;
				CLANG_ENABLE_OBJC_WEAK = YES;
				CLANG_WARN_BLOCK_CAPTURE_AUTORELEASING = YES;
				CLANG_WARN_BOOL_CONVERSION = YES;
				CLANG_WARN_COMMA = YES;
				CLANG_WARN_CONSTANT_CONVERSION = YES;
				CLANG_WARN_DEPRECATED_OBJC_IMPLEMENTATIONS = YES;
				CLANG_WARN_DIRECT_OBJC_ISA_USAGE = YES_ERROR;
				CLANG_WARN_DOCUMENTATION_COMMENTS = YES;
				CLANG_WARN_EMPTY_BODY = YES;
				CLANG_WARN_ENUM_CONVERSION = YES;
				CLANG_WARN_INFINITE_RECURSION = YES;
				CLANG_WARN_INT_CONVERSION = YES;
				CLANG_WARN_NON_LITERAL_NULL_CONVERSION = YES;
				CLANG_WARN_OBJC_IMPLICIT_RETAIN_SELF = YES;
				CLANG_WARN_OBJC_LITERAL_CONVERSION = YES;
				CLANG_WARN_OBJC_ROOT_CLASS = YES_ERROR;
				CLANG_WARN_QUOTED_INCLUDE_IN_FRAMEWORK_HEADER = YES;
				CLANG_WARN_RANGE_LOOP_ANALYSIS = YES;
				CLANG_WARN_STRICT_PROTOTYPES = YES;
				CLANG_WARN_SUSPICIOUS_MOVE = YES;
				CLANG_WARN_UNGUARDED_AVAILABILITY = YES_AGGRESSIVE;
				CLANG_WARN_UNREACHABLE_CODE = YES;
				CLANG_WARN__DUPLICATE_METHOD_MATCH = YES;
				COPY_PHASE_STRIP = NO;
				DEAD_CODE_STRIPPING = YES;
				DEBUG_INFORMATION_FORMAT = dwarf;
				ENABLE_STRICT_OBJC_MSGSEND = YES;
				ENABLE_TESTABILITY = YES;
				ENABLE_USER_SCRIPT_SANDBOXING = NO;
				GCC_C_LANGUAGE_STANDARD = gnu11;
				GCC_DYNAMIC_NO_PIC = NO;
				GCC_NO_COMMON_BLOCKS = YES;
				GCC_OPTIMIZATION_LEVEL = 0;
				GCC_PREPROCESSOR_DEFINITIONS = (
					"DEBUG=1",
					"$(inherited)",
				);
				GCC_WARN_64_TO_32_BIT_CONVERSION = YES;
				GCC_WARN_ABOUT_RETURN_TYPE = YES_ERROR;
				GCC_WARN_UNDECLARED_SELECTOR = YES;
				GCC_WARN_UNINITIALIZED_AUTOS = YES_AGGRESSIVE;
				GCC_WARN_UNUSED_FUNCTION = YES;
				GCC_WARN_UNUSED_VARIABLE = YES;
				MACOSX_DEPLOYMENT_TARGET = 14.0;
				MTL_ENABLE_DEBUG_INFO = INCLUDE_SOURCE;
				MTL_FAST_MATH = YES;
				ONLY_ACTIVE_ARCH = YES;
				SDKROOT = macosx;
				SWIFT_ACTIVE_COMPILATION_CONDITIONS = DEBUG;
				SWIFT_OPTIMIZATION_LEVEL = "-Onone";
			};
			name = Debug;
		};
		C4B0DAB5276BA4480015082A /* Release */ = {
			isa = XCBuildConfiguration;
			buildSettings = {
				ALWAYS_SEARCH_USER_PATHS = NO;
				CLANG_ANALYZER_NONNULL = YES;
				CLANG_ANALYZER_NUMBER_OBJECT_CONVERSION = YES_AGGRESSIVE;
				CLANG_CXX_LANGUAGE_STANDARD = "gnu++17";
				CLANG_CXX_LIBRARY = "libc++";
				CLANG_ENABLE_MODULES = YES;
				CLANG_ENABLE_OBJC_ARC = YES;
				CLANG_ENABLE_OBJC_WEAK = YES;
				CLANG_WARN_BLOCK_CAPTURE_AUTORELEASING = YES;
				CLANG_WARN_BOOL_CONVERSION = YES;
				CLANG_WARN_COMMA = YES;
				CLANG_WARN_CONSTANT_CONVERSION = YES;
				CLANG_WARN_DEPRECATED_OBJC_IMPLEMENTATIONS = YES;
				CLANG_WARN_DIRECT_OBJC_ISA_USAGE = YES_ERROR;
				CLANG_WARN_DOCUMENTATION_COMMENTS = YES;
				CLANG_WARN_EMPTY_BODY = YES;
				CLANG_WARN_ENUM_CONVERSION = YES;
				CLANG_WARN_INFINITE_RECURSION = YES;
				CLANG_WARN_INT_CONVERSION = YES;
				CLANG_WARN_NON_LITERAL_NULL_CONVERSION = YES;
				CLANG_WARN_OBJC_IMPLICIT_RETAIN_SELF = YES;
				CLANG_WARN_OBJC_LITERAL_CONVERSION = YES;
				CLANG_WARN_OBJC_ROOT_CLASS = YES_ERROR;
				CLANG_WARN_QUOTED_INCLUDE_IN_FRAMEWORK_HEADER = YES;
				CLANG_WARN_RANGE_LOOP_ANALYSIS = YES;
				CLANG_WARN_STRICT_PROTOTYPES = YES;
				CLANG_WARN_SUSPICIOUS_MOVE = YES;
				CLANG_WARN_UNGUARDED_AVAILABILITY = YES_AGGRESSIVE;
				CLANG_WARN_UNREACHABLE_CODE = YES;
				CLANG_WARN__DUPLICATE_METHOD_MATCH = YES;
				COPY_PHASE_STRIP = NO;
				DEAD_CODE_STRIPPING = YES;
				DEBUG_INFORMATION_FORMAT = "dwarf-with-dsym";
				ENABLE_NS_ASSERTIONS = NO;
				ENABLE_STRICT_OBJC_MSGSEND = YES;
				ENABLE_USER_SCRIPT_SANDBOXING = NO;
				GCC_C_LANGUAGE_STANDARD = gnu11;
				GCC_NO_COMMON_BLOCKS = YES;
				GCC_WARN_64_TO_32_BIT_CONVERSION = YES;
				GCC_WARN_ABOUT_RETURN_TYPE = YES_ERROR;
				GCC_WARN_UNDECLARED_SELECTOR = YES;
				GCC_WARN_UNINITIALIZED_AUTOS = YES_AGGRESSIVE;
				GCC_WARN_UNUSED_FUNCTION = YES;
				GCC_WARN_UNUSED_VARIABLE = YES;
				MACOSX_DEPLOYMENT_TARGET = 14.0;
				MTL_ENABLE_DEBUG_INFO = NO;
				MTL_FAST_MATH = YES;
				SDKROOT = macosx;
				SWIFT_COMPILATION_MODE = wholemodule;
				SWIFT_OPTIMIZATION_LEVEL = "-O";
			};
			name = Release;
		};
		C4B0DAB7276BA4480015082A /* Debug */ = {
			isa = XCBuildConfiguration;
			buildSettings = {
				ASSETCATALOG_COMPILER_APPICON_NAME = AppIcon;
				ASSETCATALOG_COMPILER_GLOBAL_ACCENT_COLOR_NAME = AccentColor;
				ASSETCATALOG_COMPILER_INCLUDE_ALL_APPICON_ASSETS = NO;
				CLANG_ENABLE_MODULES = YES;
				CODE_SIGN_ENTITLEMENTS = ShareShot/CaptureSample.entitlements;
				CODE_SIGN_IDENTITY = "Apple Development";
				CODE_SIGN_STYLE = Automatic;
				COMBINE_HIDPI_IMAGES = YES;
				CURRENT_PROJECT_VERSION = 1;
				DEAD_CODE_STRIPPING = YES;
				DEVELOPMENT_TEAM = A55978949T;
				ENABLE_HARDENED_RUNTIME = YES;
				ENABLE_PREVIEWS = YES;
				GENERATE_INFOPLIST_FILE = YES;
				INFOPLIST_FILE = ShareShot/Info.plist;
				INFOPLIST_KEY_CFBundleDisplayName = ShareScreenshot;
				INFOPLIST_KEY_LSApplicationCategoryType = "public.app-category.utilities";
				INFOPLIST_KEY_LSUIElement = YES;
				INFOPLIST_KEY_NSCameraUsageDescription = "We need access to capture the screen";
				INFOPLIST_KEY_NSDesktopFolderUsageDescription = "We need access to the desktop to save files.";
				INFOPLIST_KEY_NSHumanReadableCopyright = "";
				INFOPLIST_KEY_NSMicrophoneUsageDescription = "We need access to capture the screen";
				LD_RUNPATH_SEARCH_PATHS = (
					"$(inherited)",
					"@executable_path/../Frameworks",
				);
				MACOSX_DEPLOYMENT_TARGET = 14.0;
				MARKETING_VERSION = 1.0;
				OTHER_SWIFT_FLAGS = "";
				PRODUCT_BUNDLE_IDENTIFIER = "com.bra1ndump.share-screenshot";
				PRODUCT_NAME = "$(TARGET_NAME)";
				PROVISIONING_PROFILE_SPECIFIER = "";
				SWIFT_EMIT_LOC_STRINGS = YES;
				SWIFT_OBJC_BRIDGING_HEADER = "$(SRCROOT)/ShareShot/ShareShot-Bridging-Header.h";
				SWIFT_OPTIMIZATION_LEVEL = "-Onone";
				SWIFT_VERSION = 5.0;
			};
			name = Debug;
		};
		C4B0DAB8276BA4480015082A /* Release */ = {
			isa = XCBuildConfiguration;
			buildSettings = {
				ASSETCATALOG_COMPILER_APPICON_NAME = AppIcon;
				ASSETCATALOG_COMPILER_GLOBAL_ACCENT_COLOR_NAME = AccentColor;
				ASSETCATALOG_COMPILER_INCLUDE_ALL_APPICON_ASSETS = NO;
				CLANG_ENABLE_MODULES = YES;
				CODE_SIGN_ENTITLEMENTS = ShareShot/CaptureSample.entitlements;
				CODE_SIGN_IDENTITY = "Apple Development";
				CODE_SIGN_STYLE = Automatic;
				COMBINE_HIDPI_IMAGES = YES;
				CURRENT_PROJECT_VERSION = 1;
				DEAD_CODE_STRIPPING = YES;
				DEVELOPMENT_TEAM = A55978949T;
				ENABLE_HARDENED_RUNTIME = YES;
				ENABLE_PREVIEWS = YES;
				GENERATE_INFOPLIST_FILE = YES;
				INFOPLIST_FILE = ShareShot/Info.plist;
				INFOPLIST_KEY_CFBundleDisplayName = ShareScreenshot;
				INFOPLIST_KEY_LSApplicationCategoryType = "public.app-category.utilities";
				INFOPLIST_KEY_LSUIElement = YES;
				INFOPLIST_KEY_NSCameraUsageDescription = "We need access to capture the screen";
				INFOPLIST_KEY_NSDesktopFolderUsageDescription = "We need access to the desktop to save files.";
				INFOPLIST_KEY_NSHumanReadableCopyright = "";
				INFOPLIST_KEY_NSMicrophoneUsageDescription = "We need access to capture the screen";
				LD_RUNPATH_SEARCH_PATHS = (
					"$(inherited)",
					"@executable_path/../Frameworks",
				);
				MACOSX_DEPLOYMENT_TARGET = 14.0;
				MARKETING_VERSION = 1.0;
				PRODUCT_BUNDLE_IDENTIFIER = "com.bra1ndump.share-screenshot";
				PRODUCT_NAME = "$(TARGET_NAME)";
				PROVISIONING_PROFILE_SPECIFIER = "";
				SWIFT_EMIT_LOC_STRINGS = YES;
				SWIFT_OBJC_BRIDGING_HEADER = "$(SRCROOT)/ShareShot/ShareShot-Bridging-Header.h";
				SWIFT_VERSION = 5.0;
			};
			name = Release;
		};
/* End XCBuildConfiguration section */

/* Begin XCConfigurationList section */
		8BEBDD0C2B8D3AD4006C6B96 /* Build configuration list for PBXNativeTarget "ShareShot withoutsandbox" */ = {
			isa = XCConfigurationList;
			buildConfigurations = (
				8BEBDD0D2B8D3AD4006C6B96 /* Debug */,
				8BEBDD0E2B8D3AD4006C6B96 /* Release */,
			);
			defaultConfigurationIsVisible = 0;
			defaultConfigurationName = Release;
		};
		C4B0DAA2276BA4460015082A /* Build configuration list for PBXProject "ShareShot" */ = {
			isa = XCConfigurationList;
			buildConfigurations = (
				C4B0DAB4276BA4480015082A /* Debug */,
				C4B0DAB5276BA4480015082A /* Release */,
			);
			defaultConfigurationIsVisible = 0;
			defaultConfigurationName = Release;
		};
		C4B0DAB6276BA4480015082A /* Build configuration list for PBXNativeTarget "ShareShot" */ = {
			isa = XCConfigurationList;
			buildConfigurations = (
				C4B0DAB7276BA4480015082A /* Debug */,
				C4B0DAB8276BA4480015082A /* Release */,
			);
			defaultConfigurationIsVisible = 0;
			defaultConfigurationName = Release;
		};
/* End XCConfigurationList section */

/* Begin XCRemoteSwiftPackageReference section */
		8BEBDCFB2B8D3AD4006C6B96 /* XCRemoteSwiftPackageReference "LaunchAtLogin-Modern" */ = {
			isa = XCRemoteSwiftPackageReference;
			repositoryURL = "https://github.com/sindresorhus/LaunchAtLogin-Modern";
			requirement = {
				branch = main;
				kind = branch;
			};
		};
		8BEBDCFD2B8D3AD4006C6B96 /* XCRemoteSwiftPackageReference "HotKey" */ = {
			isa = XCRemoteSwiftPackageReference;
			repositoryURL = "https://github.com/soffes/HotKey";
			requirement = {
				branch = main;
				kind = branch;
			};
		};
		D26996752B2EAA7100CADFDC /* XCRemoteSwiftPackageReference "LaunchAtLogin-Modern" */ = {
			isa = XCRemoteSwiftPackageReference;
			repositoryURL = "https://github.com/sindresorhus/LaunchAtLogin-Modern";
			requirement = {
				branch = main;
				kind = branch;
			};
		};
		D26996782B2EAB0600CADFDC /* XCRemoteSwiftPackageReference "HotKey" */ = {
			isa = XCRemoteSwiftPackageReference;
			repositoryURL = "https://github.com/soffes/HotKey";
			requirement = {
				branch = main;
				kind = branch;
			};
		};
/* End XCRemoteSwiftPackageReference section */

/* Begin XCSwiftPackageProductDependency section */
		8BEBDCFA2B8D3AD4006C6B96 /* LaunchAtLogin */ = {
			isa = XCSwiftPackageProductDependency;
			package = 8BEBDCFB2B8D3AD4006C6B96 /* XCRemoteSwiftPackageReference "LaunchAtLogin-Modern" */;
			productName = LaunchAtLogin;
		};
		8BEBDCFC2B8D3AD4006C6B96 /* HotKey */ = {
			isa = XCSwiftPackageProductDependency;
			package = 8BEBDCFD2B8D3AD4006C6B96 /* XCRemoteSwiftPackageReference "HotKey" */;
			productName = HotKey;
		};
		D26996762B2EAA7100CADFDC /* LaunchAtLogin */ = {
			isa = XCSwiftPackageProductDependency;
			package = D26996752B2EAA7100CADFDC /* XCRemoteSwiftPackageReference "LaunchAtLogin-Modern" */;
			productName = LaunchAtLogin;
		};
		D26996792B2EAB0600CADFDC /* HotKey */ = {
			isa = XCSwiftPackageProductDependency;
			package = D26996782B2EAB0600CADFDC /* XCRemoteSwiftPackageReference "HotKey" */;
			productName = HotKey;
		};
/* End XCSwiftPackageProductDependency section */
	};
	rootObject = C4B0DA9F276BA4460015082A /* Project object */;
}
